{
  "requires": true,
  "lockfileVersion": 1,
  "dependencies": {
    "ng2-youtube-player": {
      "version": "0.0.31",
      "resolved": "https://registry.npmjs.org/ng2-youtube-player/-/ng2-youtube-player-0.0.31.tgz",
      "integrity": "sha512-awqmNlAEvzpIa647rNRKAzzg19xhN0e9NYuD7d4TN2bKGhFEuJtOyqcN5NutC/hr9RYUZdlfpH3T4PGz9mFSxw==",
      "dev": true
    }
  }
}
